
Microsoft Visual Studio Solution File, Format Version 11.00
# Visual Studio 2010
Project("{FAE04EC0-301F-11D3-BF4B-00C04F79EFBC}") = "Folder Creator", "Folder Creator\Folder Creator.csproj", "{47830A28-C205-47FB-8B46-4239385BA23E}"
EndProject
Global
	GlobalSection(SolutionConfigurationPlatforms) = preSolution
		Debug|x86 = Debug|x86
		Release|x86 = Release|x86
	EndGlobalSection
	GlobalSection(ProjectConfigurationPlatforms) = postSolution
		{47830A28-C205-47FB-8B46-4239385BA23E}.Debug|x86.ActiveCfg = Debug|x86
		{47830A28-C205-47FB-8B46-4239385BA23E}.Debug|x86.Build.0 = Debug|x86
		{47830A28-C205-47FB-8B46-4239385BA23E}.Release|x86.ActiveCfg = Release|x86
		{47830A28-C205-47FB-8B46-4239385BA23E}.Release|x86.Build.0 = Release|x86
	EndGlobalSection
	GlobalSection(SolutionProperties) = preSolution
		HideSolutionNode = FALSE
	EndGlobalSection
EndGlobal
